
Microsoft Visual Studio Solution File, Format Version 12.00
# Visual Studio Version 17
VisualStudioVersion = 17.14.36811.4 d17.14
MinimumVisualStudioVersion = 10.0.40219.1
Project("{8BC9CEB8-8B4A-11D0-8D11-00A0C91BC942}") = "Engine", "Engine\Engine.vcxproj", "{B2B36738-3C6D-4FF7-BF37-147F572F3BFE}"
EndProject
Project("{8BC9CEB8-8B4A-11D0-8D11-00A0C91BC942}") = "SandBox", "SandBox\SandBox.vcxproj", "{CC41DDEC-11FF-460E-AD7F-7E3DD94EF0A5}"
EndProject
Global
	GlobalSection(SolutionConfigurationPlatforms) = preSolution
		Debug|x64 = Debug|x64
		Debug|x86 = Debug|x86
		Release|x64 = Release|x64
		Release|x86 = Release|x86
	EndGlobalSection
	GlobalSection(ProjectConfigurationPlatforms) = postSolution
		{B2B36738-3C6D-4FF7-BF37-147F572F3BFE}.Debug|x64.ActiveCfg = Debug|x64
		{B2B36738-3C6D-4FF7-BF37-147F572F3BFE}.Debug|x64.Build.0 = Debug|x64
		{B2B36738-3C6D-4FF7-BF37-147F572F3BFE}.Debug|x86.ActiveCfg = Debug|Win32
		{B2B36738-3C6D-4FF7-BF37-147F572F3BFE}.Debug|x86.Build.0 = Debug|Win32
		{B2B36738-3C6D-4FF7-BF37-147F572F3BFE}.Release|x64.ActiveCfg = Release|x64
		{B2B36738-3C6D-4FF7-BF37-147F572F3BFE}.Release|x64.Build.0 = Release|x64
		{B2B36738-3C6D-4FF7-BF37-147F572F3BFE}.Release|x86.ActiveCfg = Release|Win32
		{B2B36738-3C6D-4FF7-BF37-147F572F3BFE}.Release|x86.Build.0 = Release|Win32
		{CC41DDEC-11FF-460E-AD7F-7E3DD94EF0A5}.Debug|x64.ActiveCfg = Debug|x64
		{CC41DDEC-11FF-460E-AD7F-7E3DD94EF0A5}.Debug|x64.Build.0 = Debug|x64
		{CC41DDEC-11FF-460E-AD7F-7E3DD94EF0A5}.Debug|x86.ActiveCfg = Debug|Win32
		{CC41DDEC-11FF-460E-AD7F-7E3DD94EF0A5}.Debug|x86.Build.0 = Debug|Win32
		{CC41DDEC-11FF-460E-AD7F-7E3DD94EF0A5}.Release|x64.ActiveCfg = Release|x64
		{CC41DDEC-11FF-460E-AD7F-7E3DD94EF0A5}.Release|x64.Build.0 = Release|x64
		{CC41DDEC-11FF-460E-AD7F-7E3DD94EF0A5}.Release|x86.ActiveCfg = Release|Win32
		{CC41DDEC-11FF-460E-AD7F-7E3DD94EF0A5}.Release|x86.Build.0 = Release|Win32
	EndGlobalSection
	GlobalSection(SolutionProperties) = preSolution
		HideSolutionNode = FALSE
	EndGlobalSection
	GlobalSection(ExtensibilityGlobals) = postSolution
		SolutionGuid = {1F7AEE3B-C4B6-4DE8-AF64-4267EBC7FDD0}
	EndGlobalSection
EndGlobal
